
Microsoft Visual Studio Solution File, Format Version 12.00
# Visual Studio Version 17
VisualStudioVersion = 17.9.34723.18
MinimumVisualStudioVersion = 10.0.40219.1
Project("{FAE04EC0-301F-11D3-BF4B-00C04F79EFBC}") = "TutoForYou", "TutoForYou\TutoForYou.csproj", "{A2E1D259-C664-4A4A-A8CF-993AA4D9DCD7}"
EndProject
Global
	GlobalSection(SolutionConfigurationPlatforms) = preSolution
		Debug|Any CPU = Debug|Any CPU
		Release|Any CPU = Release|Any CPU
	EndGlobalSection
	GlobalSection(ProjectConfigurationPlatforms) = postSolution
		{A2E1D259-C664-4A4A-A8CF-993AA4D9DCD7}.Debug|Any CPU.ActiveCfg = Debug|Any CPU
		{A2E1D259-C664-4A4A-A8CF-993AA4D9DCD7}.Debug|Any CPU.Build.0 = Debug|Any CPU
		{A2E1D259-C664-4A4A-A8CF-993AA4D9DCD7}.Release|Any CPU.ActiveCfg = Release|Any CPU
		{A2E1D259-C664-4A4A-A8CF-993AA4D9DCD7}.Release|Any CPU.Build.0 = Release|Any CPU
	EndGlobalSection
	GlobalSection(SolutionProperties) = preSolution
		HideSolutionNode = FALSE
	EndGlobalSection
	GlobalSection(ExtensibilityGlobals) = postSolution
		SolutionGuid = {784F89A2-9AC9-4E45-BA68-B300F908B0A3}
	EndGlobalSection
EndGlobal
